
Microsoft Visual Studio Solution File, Format Version 12.00
# Visual Studio 15
Project("{FAE04EC0-301F-11D3-BF4B-00C04F79EFBC}") = "PowerShellHostTest", "PowerShellHost\PowerShellHostTest.csproj", "{5DCC8C27-0CA3-4766-9A90-D65BEB779BF3}"
EndProject
Project("{FAE04EC0-301F-11D3-BF4B-00C04F79EFBC}") = "HostApp", "HostApp\HostApp.csproj", "{5027CBFE-ABDC-404E-B344-9F9C83DACCA5}"
EndProject
Global
	GlobalSection(SolutionConfigurationPlatforms) = preSolution
		Debug|Any CPU = Debug|Any CPU
		Release|Any CPU = Release|Any CPU
	EndGlobalSection
	GlobalSection(ProjectConfigurationPlatforms) = postSolution
		{5DCC8C27-0CA3-4766-9A90-D65BEB779BF3}.Debug|Any CPU.ActiveCfg = Debug|Any CPU
		{5DCC8C27-0CA3-4766-9A90-D65BEB779BF3}.Debug|Any CPU.Build.0 = Debug|Any CPU
		{5DCC8C27-0CA3-4766-9A90-D65BEB779BF3}.Release|Any CPU.ActiveCfg = Release|Any CPU
		{5DCC8C27-0CA3-4766-9A90-D65BEB779BF3}.Release|Any CPU.Build.0 = Release|Any CPU
		{5027CBFE-ABDC-404E-B344-9F9C83DACCA5}.Debug|Any CPU.ActiveCfg = Debug|Any CPU
		{5027CBFE-ABDC-404E-B344-9F9C83DACCA5}.Debug|Any CPU.Build.0 = Debug|Any CPU
		{5027CBFE-ABDC-404E-B344-9F9C83DACCA5}.Release|Any CPU.ActiveCfg = Release|Any CPU
		{5027CBFE-ABDC-404E-B344-9F9C83DACCA5}.Release|Any CPU.Build.0 = Release|Any CPU
	EndGlobalSection
EndGlobal
